
Microsoft Visual Studio Solution File, Format Version 12.00
# Visual Studio Version 17
VisualStudioVersion = 17.4.33122.133
MinimumVisualStudioVersion = 10.0.40219.1
Project("{FAE04EC0-301F-11D3-BF4B-00C04F79EFBC}") = "MoneyPlus", "MoneyPlus.csproj", "{BEF16A79-5E88-499E-8C5F-D1C6F2A31270}"
EndProject
Global
	GlobalSection(SolutionConfigurationPlatforms) = preSolution
		Debug|Any CPU = Debug|Any CPU
		Release|Any CPU = Release|Any CPU
	EndGlobalSection
	GlobalSection(ProjectConfigurationPlatforms) = postSolution
		{BEF16A79-5E88-499E-8C5F-D1C6F2A31270}.Debug|Any CPU.ActiveCfg = Debug|Any CPU
		{BEF16A79-5E88-499E-8C5F-D1C6F2A31270}.Debug|Any CPU.Build.0 = Debug|Any CPU
		{BEF16A79-5E88-499E-8C5F-D1C6F2A31270}.Release|Any CPU.ActiveCfg = Release|Any CPU
		{BEF16A79-5E88-499E-8C5F-D1C6F2A31270}.Release|Any CPU.Build.0 = Release|Any CPU
	EndGlobalSection
	GlobalSection(SolutionProperties) = preSolution
		HideSolutionNode = FALSE
	EndGlobalSection
	GlobalSection(ExtensibilityGlobals) = postSolution
		SolutionGuid = {F5AA411C-D107-4FFC-8FAE-73D00980A813}
	EndGlobalSection
EndGlobal
